// !$*UTF8*$!
{
	archiveVersion = 1;
	classes = {
	};
	objectVersion = 52;
	objects = {

/* Begin PBXBuildFile section */
		99023361268248A200FACE04 /* FirebaseAuth in Frameworks */ = {isa = PBXBuildFile; productRef = 99023360268248A200FACE04 /* FirebaseAuth */; };
		99023363268248A200FACE04 /* FirebaseFirestore in Frameworks */ = {isa = PBXBuildFile; productRef = 99023362268248A200FACE04 /* FirebaseFirestore */; };
		99088D0826B223470091339F /* Dashboard.swift in Sources */ = {isa = PBXBuildFile; fileRef = 99E786CF2639131100D13EC5 /* Dashboard.swift */; };
		9908B1A126D567910081A495 /* EditUserView.swift in Sources */ = {isa = PBXBuildFile; fileRef = 9908B1A026D567910081A495 /* EditUserView.swift */; };
		991C48AA26C1EF9F002A4D10 /* GoogleService-Info.plist in Resources */ = {isa = PBXBuildFile; fileRef = 991C48A926C1EF9F002A4D10 /* GoogleService-Info.plist */; };
		99234679269A8B9400785C7E /* CustomDrinkModel.swift in Sources */ = {isa = PBXBuildFile; fileRef = 99234678269A8B9400785C7E /* CustomDrinkModel.swift */; };
		9923467B269A8BEC00785C7E /* CustomDrinkViewModel.swift in Sources */ = {isa = PBXBuildFile; fileRef = 9923467A269A8BEC00785C7E /* CustomDrinkViewModel.swift */; };
		992B733926A7B9050012E34E /* AlcoholTimer.swift in Sources */ = {isa = PBXBuildFile; fileRef = 992B733826A7B9050012E34E /* AlcoholTimer.swift */; };
		992B733B26A7C51A0012E34E /* TimerBackground.swift in Sources */ = {isa = PBXBuildFile; fileRef = 992B733A26A7C51A0012E34E /* TimerBackground.swift */; };
		9936A33F269A40FD006FAF41 /* Extensions.swift in Sources */ = {isa = PBXBuildFile; fileRef = 9936A33E269A40FD006FAF41 /* Extensions.swift */; };
		994096BD266D4BFE00830829 /* UserRepository.swift in Sources */ = {isa = PBXBuildFile; fileRef = 994096BC266D4BFE00830829 /* UserRepository.swift */; };
		9946C62A26C36FF500FF8846 /* AuthenticationViewModel.swift in Sources */ = {isa = PBXBuildFile; fileRef = 9946C62926C36FF500FF8846 /* AuthenticationViewModel.swift */; };
		994F86142682822A00E38099 /* BarChart.swift in Sources */ = {isa = PBXBuildFile; fileRef = 994F86132682822A00E38099 /* BarChart.swift */; };
		995AEBFA266D752300FAD0CB /* WaterView.swift in Sources */ = {isa = PBXBuildFile; fileRef = 995AEBF9266D752300FAD0CB /* WaterView.swift */; };
		995AF79D270652300019AC83 /* HydrationDictionaryModel.swift in Sources */ = {isa = PBXBuildFile; fileRef = 995AF79C270652300019AC83 /* HydrationDictionaryModel.swift */; };
		995D4110266EFC5600916F5C /* HeightPicker.swift in Sources */ = {isa = PBXBuildFile; fileRef = 995D410F266EFC5600916F5C /* HeightPicker.swift */; };
		9965D7CD2637955400672D2E /* Hydro_HomieApp.swift in Sources */ = {isa = PBXBuildFile; fileRef = 9965D7CC2637955400672D2E /* Hydro_HomieApp.swift */; };
		9965D7CF2637955400672D2E /* ContentView.swift in Sources */ = {isa = PBXBuildFile; fileRef = 9965D7CE2637955400672D2E /* ContentView.swift */; };
		9965D7D12637955500672D2E /* Assets.xcassets in Resources */ = {isa = PBXBuildFile; fileRef = 9965D7D02637955500672D2E /* Assets.xcassets */; };
		9965D7D42637955500672D2E /* Preview Assets.xcassets in Resources */ = {isa = PBXBuildFile; fileRef = 9965D7D32637955500672D2E /* Preview Assets.xcassets */; };
		9968227926CDC7AA00C144B6 /* Background.swift in Sources */ = {isa = PBXBuildFile; fileRef = 9968227826CDC7AA00C144B6 /* Background.swift */; };
		997111B626E58088001EABD1 /* ResetPassword.swift in Sources */ = {isa = PBXBuildFile; fileRef = 997111B526E58088001EABD1 /* ResetPassword.swift */; };
		99A3D89B26E59BA100D65063 /* HealthKit.framework in Frameworks */ = {isa = PBXBuildFile; fileRef = 99A3D89A26E59BA100D65063 /* HealthKit.framework */; };
		99ACBA1726816BFD0005A151 /* ActionView.swift in Sources */ = {isa = PBXBuildFile; fileRef = 99ACBA1626816BFD0005A151 /* ActionView.swift */; };
		99AEA096268CF9BE004BD12D /* CustomDrink.swift in Sources */ = {isa = PBXBuildFile; fileRef = 99AEA095268CF9BE004BD12D /* CustomDrink.swift */; };
		99B63EA326D2FDFD0099FB2A /* NotificationTimer.swift in Sources */ = {isa = PBXBuildFile; fileRef = 99B63EA226D2FDFD0099FB2A /* NotificationTimer.swift */; };
		99B63EA826D308BE0099FB2A /* NotificationTimerModel.swift in Sources */ = {isa = PBXBuildFile; fileRef = 99B63EA726D308BE0099FB2A /* NotificationTimerModel.swift */; };
		99BF620726F56F1300078CEE /* CareKitUI in Frameworks */ = {isa = PBXBuildFile; productRef = 99BF620626F56F1300078CEE /* CareKitUI */; };
		99C86513268ADCBA006B4802 /* DiureticView.swift in Sources */ = {isa = PBXBuildFile; fileRef = 99C86512268ADCBA006B4802 /* DiureticView.swift */; };
		99D60B83267124D600EE106B /* UserModel.swift in Sources */ = {isa = PBXBuildFile; fileRef = 99D60B82267124D600EE106B /* UserModel.swift */; };
		99D60B852671255D00EE106B /* UserDocument.swift in Sources */ = {isa = PBXBuildFile; fileRef = 99D60B842671255D00EE106B /* UserDocument.swift */; };
		99DE64D7266DBF1D0017015A /* Hydration.swift in Sources */ = {isa = PBXBuildFile; fileRef = 99DE64D6266DBF1D0017015A /* Hydration.swift */; };
		99DE64DA266DC4510017015A /* HydrationDocument.swift in Sources */ = {isa = PBXBuildFile; fileRef = 99DE64D9266DC4510017015A /* HydrationDocument.swift */; };
		99DE64DC266E7C8A0017015A /* RegisterView.swift in Sources */ = {isa = PBXBuildFile; fileRef = 99DE64DB266E7C8A0017015A /* RegisterView.swift */; };
		99F604A626EF007600DCB837 /* BarChart in Frameworks */ = {isa = PBXBuildFile; productRef = 99F604A526EF007600DCB837 /* BarChart */; };
/* End PBXBuildFile section */

/* Begin PBXContainerItemProxy section */
		9946C62426C368BE00FF8846 /* PBXContainerItemProxy */ = {
			isa = PBXContainerItemProxy;
			containerPortal = 9946C62026C368BE00FF8846 /* SignInSample.xcodeproj */;
			proxyType = 2;
			remoteGlobalIDString = D99924CA1A92B3C7008CC226;
			remoteInfo = SignInSample;
		};
/* End PBXContainerItemProxy section */

/* Begin PBXCopyFilesBuildPhase section */
		99088CFD26B221A60091339F /* Embed Watch Content */ = {
			isa = PBXCopyFilesBuildPhase;
			buildActionMask = 2147483647;
			dstPath = "$(CONTENTS_FOLDER_PATH)/Watch";
			dstSubfolderSpec = 16;
			files = (
			);
			name = "Embed Watch Content";
			runOnlyForDeploymentPostprocessing = 0;
		};
		99ACBA30268180E10005A151 /* Embed App Extensions */ = {
			isa = PBXCopyFilesBuildPhase;
			buildActionMask = 2147483647;
			dstPath = "";
			dstSubfolderSpec = 13;
			files = (
			);
			name = "Embed App Extensions";
			runOnlyForDeploymentPostprocessing = 0;
		};
/* End PBXCopyFilesBuildPhase section */

/* Begin PBXFileReference section */
		9908B1A026D567910081A495 /* EditUserView.swift */ = {isa = PBXFileReference; lastKnownFileType = sourcecode.swift; path = EditUserView.swift; sourceTree = "<group>"; };
		991C48A926C1EF9F002A4D10 /* GoogleService-Info.plist */ = {isa = PBXFileReference; fileEncoding = 4; lastKnownFileType = text.plist.xml; path = "GoogleService-Info.plist"; sourceTree = "<group>"; };
		99234678269A8B9400785C7E /* CustomDrinkModel.swift */ = {isa = PBXFileReference; lastKnownFileType = sourcecode.swift; path = CustomDrinkModel.swift; sourceTree = "<group>"; };
		9923467A269A8BEC00785C7E /* CustomDrinkViewModel.swift */ = {isa = PBXFileReference; lastKnownFileType = sourcecode.swift; path = CustomDrinkViewModel.swift; sourceTree = "<group>"; };
		992B733826A7B9050012E34E /* AlcoholTimer.swift */ = {isa = PBXFileReference; lastKnownFileType = sourcecode.swift; path = AlcoholTimer.swift; sourceTree = "<group>"; };
		992B733A26A7C51A0012E34E /* TimerBackground.swift */ = {isa = PBXFileReference; lastKnownFileType = sourcecode.swift; path = TimerBackground.swift; sourceTree = "<group>"; };
		9936A33E269A40FD006FAF41 /* Extensions.swift */ = {isa = PBXFileReference; lastKnownFileType = sourcecode.swift; path = Extensions.swift; sourceTree = "<group>"; };
		994096BC266D4BFE00830829 /* UserRepository.swift */ = {isa = PBXFileReference; lastKnownFileType = sourcecode.swift; path = UserRepository.swift; sourceTree = "<group>"; };
		9946C62026C368BE00FF8846 /* SignInSample.xcodeproj */ = {isa = PBXFileReference; lastKnownFileType = "wrapper.pb-project"; name = SignInSample.xcodeproj; path = "../../GoogleSignIn-iOS/Sample/SignInSample.xcodeproj"; sourceTree = "<group>"; };
		9946C62926C36FF500FF8846 /* AuthenticationViewModel.swift */ = {isa = PBXFileReference; lastKnownFileType = sourcecode.swift; path = AuthenticationViewModel.swift; sourceTree = "<group>"; };
		994F86132682822A00E38099 /* BarChart.swift */ = {isa = PBXFileReference; lastKnownFileType = sourcecode.swift; path = BarChart.swift; sourceTree = "<group>"; };
		995AEBF9266D752300FAD0CB /* WaterView.swift */ = {isa = PBXFileReference; lastKnownFileType = sourcecode.swift; path = WaterView.swift; sourceTree = "<group>"; };
		995AF79C270652300019AC83 /* HydrationDictionaryModel.swift */ = {isa = PBXFileReference; lastKnownFileType = sourcecode.swift; path = HydrationDictionaryModel.swift; sourceTree = "<group>"; };
		995D410F266EFC5600916F5C /* HeightPicker.swift */ = {isa = PBXFileReference; lastKnownFileType = sourcecode.swift; path = HeightPicker.swift; sourceTree = "<group>"; };
		9965D7C92637955400672D2E /* Hydro Homie.app */ = {isa = PBXFileReference; explicitFileType = wrapper.application; includeInIndex = 0; path = "Hydro Homie.app"; sourceTree = BUILT_PRODUCTS_DIR; };
		9965D7CC2637955400672D2E /* Hydro_HomieApp.swift */ = {isa = PBXFileReference; lastKnownFileType = sourcecode.swift; path = Hydro_HomieApp.swift; sourceTree = "<group>"; };
		9965D7CE2637955400672D2E /* ContentView.swift */ = {isa = PBXFileReference; lastKnownFileType = sourcecode.swift; path = ContentView.swift; sourceTree = "<group>"; usesTabs = 0; };
		9965D7D02637955500672D2E /* Assets.xcassets */ = {isa = PBXFileReference; lastKnownFileType = folder.assetcatalog; path = Assets.xcassets; sourceTree = "<group>"; };
		9965D7D32637955500672D2E /* Preview Assets.xcassets */ = {isa = PBXFileReference; lastKnownFileType = folder.assetcatalog; path = "Preview Assets.xcassets"; sourceTree = "<group>"; };
		9965D7D52637955500672D2E /* Info.plist */ = {isa = PBXFileReference; lastKnownFileType = text.plist.xml; path = Info.plist; sourceTree = "<group>"; };
		9968227826CDC7AA00C144B6 /* Background.swift */ = {isa = PBXFileReference; lastKnownFileType = sourcecode.swift; path = Background.swift; sourceTree = "<group>"; };
		997111B526E58088001EABD1 /* ResetPassword.swift */ = {isa = PBXFileReference; lastKnownFileType = sourcecode.swift; path = ResetPassword.swift; sourceTree = "<group>"; };
		99A3D89A26E59BA100D65063 /* HealthKit.framework */ = {isa = PBXFileReference; lastKnownFileType = wrapper.framework; name = HealthKit.framework; path = System/Library/Frameworks/HealthKit.framework; sourceTree = SDKROOT; };
		99ACBA1626816BFD0005A151 /* ActionView.swift */ = {isa = PBXFileReference; lastKnownFileType = sourcecode.swift; path = ActionView.swift; sourceTree = "<group>"; };
		99ACBA1D268180E00005A151 /* WidgetKit.framework */ = {isa = PBXFileReference; lastKnownFileType = wrapper.framework; name = WidgetKit.framework; path = System/Library/Frameworks/WidgetKit.framework; sourceTree = SDKROOT; };
		99ACBA1F268180E00005A151 /* SwiftUI.framework */ = {isa = PBXFileReference; lastKnownFileType = wrapper.framework; name = SwiftUI.framework; path = System/Library/Frameworks/SwiftUI.framework; sourceTree = SDKROOT; };
		99AEA095268CF9BE004BD12D /* CustomDrink.swift */ = {isa = PBXFileReference; lastKnownFileType = sourcecode.swift; path = CustomDrink.swift; sourceTree = "<group>"; };
		99B63EA226D2FDFD0099FB2A /* NotificationTimer.swift */ = {isa = PBXFileReference; lastKnownFileType = sourcecode.swift; path = NotificationTimer.swift; sourceTree = "<group>"; };
		99B63EA726D308BE0099FB2A /* NotificationTimerModel.swift */ = {isa = PBXFileReference; lastKnownFileType = sourcecode.swift; path = NotificationTimerModel.swift; sourceTree = "<group>"; };
		99C86512268ADCBA006B4802 /* DiureticView.swift */ = {isa = PBXFileReference; lastKnownFileType = sourcecode.swift; path = DiureticView.swift; sourceTree = "<group>"; };
		99D60B82267124D600EE106B /* UserModel.swift */ = {isa = PBXFileReference; lastKnownFileType = sourcecode.swift; path = UserModel.swift; sourceTree = "<group>"; };
		99D60B842671255D00EE106B /* UserDocument.swift */ = {isa = PBXFileReference; lastKnownFileType = sourcecode.swift; path = UserDocument.swift; sourceTree = "<group>"; };
		99DE64D6266DBF1D0017015A /* Hydration.swift */ = {isa = PBXFileReference; lastKnownFileType = sourcecode.swift; path = Hydration.swift; sourceTree = "<group>"; };
		99DE64D9266DC4510017015A /* HydrationDocument.swift */ = {isa = PBXFileReference; lastKnownFileType = sourcecode.swift; path = HydrationDocument.swift; sourceTree = "<group>"; };
		99DE64DB266E7C8A0017015A /* RegisterView.swift */ = {isa = PBXFileReference; lastKnownFileType = sourcecode.swift; name = RegisterView.swift; path = "Hydro Homie/View/RegisterView.swift"; sourceTree = SOURCE_ROOT; };
		99E786CF2639131100D13EC5 /* Dashboard.swift */ = {isa = PBXFileReference; lastKnownFileType = sourcecode.swift; path = Dashboard.swift; sourceTree = "<group>"; };
/* End PBXFileReference section */

/* Begin PBXFrameworksBuildPhase section */
		9965D7C62637955400672D2E /* Frameworks */ = {
			isa = PBXFrameworksBuildPhase;
			buildActionMask = 2147483647;
			files = (
				99A3D89B26E59BA100D65063 /* HealthKit.framework in Frameworks */,
				99023361268248A200FACE04 /* FirebaseAuth in Frameworks */,
				99BF620726F56F1300078CEE /* CareKitUI in Frameworks */,
				99023363268248A200FACE04 /* FirebaseFirestore in Frameworks */,
				99F604A626EF007600DCB837 /* BarChart in Frameworks */,
			);
			runOnlyForDeploymentPostprocessing = 0;
		};
/* End PBXFrameworksBuildPhase section */

/* Begin PBXGroup section */
		43B8B21D244BCAFEC6E430A9 /* Frameworks */ = {
			isa = PBXGroup;
			children = (
				99A3D89A26E59BA100D65063 /* HealthKit.framework */,
				9946C62026C368BE00FF8846 /* SignInSample.xcodeproj */,
				99ACBA1D268180E00005A151 /* WidgetKit.framework */,
				99ACBA1F268180E00005A151 /* SwiftUI.framework */,
			);
			name = Frameworks;
			sourceTree = "<group>";
		};
		994096BB266D4BEB00830829 /* Repository */ = {
			isa = PBXGroup;
			children = (
				994096BC266D4BFE00830829 /* UserRepository.swift */,
			);
			path = Repository;
			sourceTree = "<group>";
		};
		994096C1266D4C9D00830829 /* Model */ = {
			isa = PBXGroup;
			children = (
				99DE64D6266DBF1D0017015A /* Hydration.swift */,
				99D60B82267124D600EE106B /* UserModel.swift */,
				99234678269A8B9400785C7E /* CustomDrinkModel.swift */,
				995AF79C270652300019AC83 /* HydrationDictionaryModel.swift */,
			);
			path = Model;
			sourceTree = "<group>";
		};
		9946C62126C368BE00FF8846 /* Products */ = {
			isa = PBXGroup;
			children = (
				9946C62526C368BE00FF8846 /* SignInSample.app */,
			);
			name = Products;
			sourceTree = "<group>";
		};
		9965D7C02637955400672D2E = {
			isa = PBXGroup;
			children = (
				9965D7CB2637955400672D2E /* Hydro Homie */,
				9965D7CA2637955400672D2E /* Products */,
				43B8B21D244BCAFEC6E430A9 /* Frameworks */,
			);
			sourceTree = "<group>";
		};
		9965D7CA2637955400672D2E /* Products */ = {
			isa = PBXGroup;
			children = (
				9965D7C92637955400672D2E /* Hydro Homie.app */,
			);
			name = Products;
			sourceTree = "<group>";
		};
		9965D7CB2637955400672D2E /* Hydro Homie */ = {
			isa = PBXGroup;
			children = (
				99ACBA1526816B8F0005A151 /* View */,
				99DE64D8266DC4270017015A /* ViewModel */,
				994096C1266D4C9D00830829 /* Model */,
				994096BB266D4BEB00830829 /* Repository */,
				9965D7CC2637955400672D2E /* Hydro_HomieApp.swift */,
				9965D7D02637955500672D2E /* Assets.xcassets */,
				991C48A926C1EF9F002A4D10 /* GoogleService-Info.plist */,
				9965D7D52637955500672D2E /* Info.plist */,
				9965D7D22637955500672D2E /* Preview Content */,
			);
			path = "Hydro Homie";
			sourceTree = "<group>";
		};
		9965D7D22637955500672D2E /* Preview Content */ = {
			isa = PBXGroup;
			children = (
				9965D7D32637955500672D2E /* Preview Assets.xcassets */,
			);
			path = "Preview Content";
			sourceTree = "<group>";
		};
		99ACBA1526816B8F0005A151 /* View */ = {
			isa = PBXGroup;
			children = (
				995D410F266EFC5600916F5C /* HeightPicker.swift */,
				99DE64DB266E7C8A0017015A /* RegisterView.swift */,
				9965D7CE2637955400672D2E /* ContentView.swift */,
				995AEBF9266D752300FAD0CB /* WaterView.swift */,
				99E786CF2639131100D13EC5 /* Dashboard.swift */,
				99ACBA1626816BFD0005A151 /* ActionView.swift */,
				994F86132682822A00E38099 /* BarChart.swift */,
				99C86512268ADCBA006B4802 /* DiureticView.swift */,
				99AEA095268CF9BE004BD12D /* CustomDrink.swift */,
				9936A33E269A40FD006FAF41 /* Extensions.swift */,
				992B733826A7B9050012E34E /* AlcoholTimer.swift */,
				9968227826CDC7AA00C144B6 /* Background.swift */,
				99B63EA226D2FDFD0099FB2A /* NotificationTimer.swift */,
				9908B1A026D567910081A495 /* EditUserView.swift */,
				997111B526E58088001EABD1 /* ResetPassword.swift */,
			);
			path = View;
			sourceTree = "<group>";
		};
		99DE64D8266DC4270017015A /* ViewModel */ = {
			isa = PBXGroup;
			children = (
				99DE64D9266DC4510017015A /* HydrationDocument.swift */,
				99D60B842671255D00EE106B /* UserDocument.swift */,
				9923467A269A8BEC00785C7E /* CustomDrinkViewModel.swift */,
				992B733A26A7C51A0012E34E /* TimerBackground.swift */,
				9946C62926C36FF500FF8846 /* AuthenticationViewModel.swift */,
				99B63EA726D308BE0099FB2A /* NotificationTimerModel.swift */,
			);
			path = ViewModel;
			sourceTree = "<group>";
		};
/* End PBXGroup section */

/* Begin PBXNativeTarget section */
		9965D7C82637955400672D2E /* Hydro Homie */ = {
			isa = PBXNativeTarget;
			buildConfigurationList = 9965D7D82637955500672D2E /* Build configuration list for PBXNativeTarget "Hydro Homie" */;
			buildPhases = (
				9965D7C52637955400672D2E /* Sources */,
				9965D7C62637955400672D2E /* Frameworks */,
				9965D7C72637955400672D2E /* Resources */,
				99ACBA30268180E10005A151 /* Embed App Extensions */,
				99088CFD26B221A60091339F /* Embed Watch Content */,
			);
			buildRules = (
			);
			dependencies = (
			);
			name = "Hydro Homie";
			packageProductDependencies = (
				99023360268248A200FACE04 /* FirebaseAuth */,
				99023362268248A200FACE04 /* FirebaseFirestore */,
				99F604A526EF007600DCB837 /* BarChart */,
				99BF620626F56F1300078CEE /* CareKitUI */,
			);
			productName = "Hydro Homie";
			productReference = 9965D7C92637955400672D2E /* Hydro Homie.app */;
			productType = "com.apple.product-type.application";
		};
/* End PBXNativeTarget section */

/* Begin PBXProject section */
		9965D7C12637955400672D2E /* Project object */ = {
			isa = PBXProject;
			attributes = {
				LastSwiftUpdateCheck = 1300;
				LastUpgradeCheck = 1300;
				TargetAttributes = {
					9965D7C82637955400672D2E = {
						CreatedOnToolsVersion = 12.4;
					};
				};
			};
			buildConfigurationList = 9965D7C42637955400672D2E /* Build configuration list for PBXProject "Hydro Homie" */;
			compatibilityVersion = "Xcode 9.3";
			developmentRegion = en;
			hasScannedForEncodings = 0;
			knownRegions = (
				en,
				Base,
				ru,
			);
			mainGroup = 9965D7C02637955400672D2E;
			packageReferences = (
				9902335F268248A200FACE04 /* XCRemoteSwiftPackageReference "firebase-ios-sdk" */,
				99F604A426EF007500DCB837 /* XCRemoteSwiftPackageReference "BarChart" */,
				99BF620526F56F1300078CEE /* XCRemoteSwiftPackageReference "CareKit" */,
			);
			productRefGroup = 9965D7CA2637955400672D2E /* Products */;
			projectDirPath = "";
			projectReferences = (
				{
					ProductGroup = 9946C62126C368BE00FF8846 /* Products */;
					ProjectRef = 9946C62026C368BE00FF8846 /* SignInSample.xcodeproj */;
				},
			);
			projectRoot = "";
			targets = (
				9965D7C82637955400672D2E /* Hydro Homie */,
			);
		};
/* End PBXProject section */

/* Begin PBXReferenceProxy section */
		9946C62526C368BE00FF8846 /* SignInSample.app */ = {
			isa = PBXReferenceProxy;
			fileType = wrapper.application;
			path = SignInSample.app;
			remoteRef = 9946C62426C368BE00FF8846 /* PBXContainerItemProxy */;
			sourceTree = BUILT_PRODUCTS_DIR;
		};
/* End PBXReferenceProxy section */

/* Begin PBXResourcesBuildPhase section */
		9965D7C72637955400672D2E /* Resources */ = {
			isa = PBXResourcesBuildPhase;
			buildActionMask = 2147483647;
			files = (
				9965D7D42637955500672D2E /* Preview Assets.xcassets in Resources */,
				9965D7D12637955500672D2E /* Assets.xcassets in Resources */,
				991C48AA26C1EF9F002A4D10 /* GoogleService-Info.plist in Resources */,
			);
			runOnlyForDeploymentPostprocessing = 0;
		};
/* End PBXResourcesBuildPhase section */

/* Begin PBXSourcesBuildPhase section */
		9965D7C52637955400672D2E /* Sources */ = {
			isa = PBXSourcesBuildPhase;
			buildActionMask = 2147483647;
			files = (
				99AEA096268CF9BE004BD12D /* CustomDrink.swift in Sources */,
				99ACBA1726816BFD0005A151 /* ActionView.swift in Sources */,
				99DE64DC266E7C8A0017015A /* RegisterView.swift in Sources */,
				9936A33F269A40FD006FAF41 /* Extensions.swift in Sources */,
				9965D7CF2637955400672D2E /* ContentView.swift in Sources */,
				995AF79D270652300019AC83 /* HydrationDictionaryModel.swift in Sources */,
				99234679269A8B9400785C7E /* CustomDrinkModel.swift in Sources */,
				994096BD266D4BFE00830829 /* UserRepository.swift in Sources */,
				99DE64DA266DC4510017015A /* HydrationDocument.swift in Sources */,
				997111B626E58088001EABD1 /* ResetPassword.swift in Sources */,
				99088D0826B223470091339F /* Dashboard.swift in Sources */,
				9946C62A26C36FF500FF8846 /* AuthenticationViewModel.swift in Sources */,
				99D60B852671255D00EE106B /* UserDocument.swift in Sources */,
				995D4110266EFC5600916F5C /* HeightPicker.swift in Sources */,
				99B63EA326D2FDFD0099FB2A /* NotificationTimer.swift in Sources */,
				9968227926CDC7AA00C144B6 /* Background.swift in Sources */,
				992B733926A7B9050012E34E /* AlcoholTimer.swift in Sources */,
				995AEBFA266D752300FAD0CB /* WaterView.swift in Sources */,
				992B733B26A7C51A0012E34E /* TimerBackground.swift in Sources */,
				9965D7CD2637955400672D2E /* Hydro_HomieApp.swift in Sources */,
				99D60B83267124D600EE106B /* UserModel.swift in Sources */,
				9923467B269A8BEC00785C7E /* CustomDrinkViewModel.swift in Sources */,
				99B63EA826D308BE0099FB2A /* NotificationTimerModel.swift in Sources */,
				994F86142682822A00E38099 /* BarChart.swift in Sources */,
				9908B1A126D567910081A495 /* EditUserView.swift in Sources */,
				99DE64D7266DBF1D0017015A /* Hydration.swift in Sources */,
				99C86513268ADCBA006B4802 /* DiureticView.swift in Sources */,
			);
			runOnlyForDeploymentPostprocessing = 0;
		};
/* End PBXSourcesBuildPhase section */

/* Begin XCBuildConfiguration section */
		9965D7D62637955500672D2E /* Debug */ = {
			isa = XCBuildConfiguration;
			buildSettings = {
				ALWAYS_SEARCH_USER_PATHS = NO;
				CLANG_ANALYZER_LOCALIZABILITY_NONLOCALIZED = YES;
				CLANG_ANALYZER_NONNULL = YES;
				CLANG_ANALYZER_NUMBER_OBJECT_CONVERSION = YES_AGGRESSIVE;
				CLANG_CXX_LANGUAGE_STANDARD = "gnu++14";
				CLANG_CXX_LIBRARY = "libc++";
				CLANG_ENABLE_MODULES = YES;
				CLANG_ENABLE_OBJC_ARC = YES;
				CLANG_ENABLE_OBJC_WEAK = YES;
				CLANG_WARN_BLOCK_CAPTURE_AUTORELEASING = YES;
				CLANG_WARN_BOOL_CONVERSION = YES;
				CLANG_WARN_COMMA = YES;
				CLANG_WARN_CONSTANT_CONVERSION = YES;
				CLANG_WARN_DEPRECATED_OBJC_IMPLEMENTATIONS = YES;
				CLANG_WARN_DIRECT_OBJC_ISA_USAGE = YES_ERROR;
				CLANG_WARN_DOCUMENTATION_COMMENTS = YES;
				CLANG_WARN_EMPTY_BODY = YES;
				CLANG_WARN_ENUM_CONVERSION = YES;
				CLANG_WARN_INFINITE_RECURSION = YES;
				CLANG_WARN_INT_CONVERSION = YES;
				CLANG_WARN_NON_LITERAL_NULL_CONVERSION = YES;
				CLANG_WARN_OBJC_IMPLICIT_RETAIN_SELF = YES;
				CLANG_WARN_OBJC_LITERAL_CONVERSION = YES;
				CLANG_WARN_OBJC_ROOT_CLASS = YES_ERROR;
				CLANG_WARN_QUOTED_INCLUDE_IN_FRAMEWORK_HEADER = YES;
				CLANG_WARN_RANGE_LOOP_ANALYSIS = YES;
				CLANG_WARN_STRICT_PROTOTYPES = YES;
				CLANG_WARN_SUSPICIOUS_MOVE = YES;
				CLANG_WARN_UNGUARDED_AVAILABILITY = YES_AGGRESSIVE;
				CLANG_WARN_UNREACHABLE_CODE = YES;
				CLANG_WARN__DUPLICATE_METHOD_MATCH = YES;
				COPY_PHASE_STRIP = NO;
				DEBUG_INFORMATION_FORMAT = dwarf;
				ENABLE_STRICT_OBJC_MSGSEND = YES;
				ENABLE_TESTABILITY = YES;
				GCC_C_LANGUAGE_STANDARD = gnu11;
				GCC_DYNAMIC_NO_PIC = NO;
				GCC_NO_COMMON_BLOCKS = YES;
				GCC_OPTIMIZATION_LEVEL = 1;
				GCC_PREPROCESSOR_DEFINITIONS = (
					"DEBUG=1",
					"$(inherited)",
				);
				GCC_WARN_64_TO_32_BIT_CONVERSION = YES;
				GCC_WARN_ABOUT_RETURN_TYPE = YES_ERROR;
				GCC_WARN_UNDECLARED_SELECTOR = YES;
				GCC_WARN_UNINITIALIZED_AUTOS = YES_AGGRESSIVE;
				GCC_WARN_UNUSED_FUNCTION = YES;
				GCC_WARN_UNUSED_VARIABLE = YES;
				IPHONEOS_DEPLOYMENT_TARGET = 14.4;
				MTL_ENABLE_DEBUG_INFO = INCLUDE_SOURCE;
				MTL_FAST_MATH = YES;
				ONLY_ACTIVE_ARCH = YES;
				OTHER_LDFLAGS = "\"-Xlinker -interposable\"";
				SDKROOT = iphoneos;
				SWIFT_ACTIVE_COMPILATION_CONDITIONS = DEBUG;
				SWIFT_OPTIMIZATION_LEVEL = "-Onone";
				VALIDATE_PRODUCT = YES;
			};
			name = Debug;
		};
		9965D7D72637955500672D2E /* Release */ = {
			isa = XCBuildConfiguration;
			buildSettings = {
				ALWAYS_SEARCH_USER_PATHS = NO;
				CLANG_ANALYZER_LOCALIZABILITY_NONLOCALIZED = YES;
				CLANG_ANALYZER_NONNULL = YES;
				CLANG_ANALYZER_NUMBER_OBJECT_CONVERSION = YES_AGGRESSIVE;
				CLANG_CXX_LANGUAGE_STANDARD = "gnu++14";
				CLANG_CXX_LIBRARY = "libc++";
				CLANG_ENABLE_MODULES = YES;
				CLANG_ENABLE_OBJC_ARC = YES;
				CLANG_ENABLE_OBJC_WEAK = YES;
				CLANG_WARN_BLOCK_CAPTURE_AUTORELEASING = YES;
				CLANG_WARN_BOOL_CONVERSION = YES;
				CLANG_WARN_COMMA = YES;
				CLANG_WARN_CONSTANT_CONVERSION = YES;
				CLANG_WARN_DEPRECATED_OBJC_IMPLEMENTATIONS = YES;
				CLANG_WARN_DIRECT_OBJC_ISA_USAGE = YES_ERROR;
				CLANG_WARN_DOCUMENTATION_COMMENTS = YES;
				CLANG_WARN_EMPTY_BODY = YES;
				CLANG_WARN_ENUM_CONVERSION = YES;
				CLANG_WARN_INFINITE_RECURSION = YES;
				CLANG_WARN_INT_CONVERSION = YES;
				CLANG_WARN_NON_LITERAL_NULL_CONVERSION = YES;
				CLANG_WARN_OBJC_IMPLICIT_RETAIN_SELF = YES;
				CLANG_WARN_OBJC_LITERAL_CONVERSION = YES;
				CLANG_WARN_OBJC_ROOT_CLASS = YES_ERROR;
				CLANG_WARN_QUOTED_INCLUDE_IN_FRAMEWORK_HEADER = YES;
				CLANG_WARN_RANGE_LOOP_ANALYSIS = YES;
				CLANG_WARN_STRICT_PROTOTYPES = YES;
				CLANG_WARN_SUSPICIOUS_MOVE = YES;
				CLANG_WARN_UNGUARDED_AVAILABILITY = YES_AGGRESSIVE;
				CLANG_WARN_UNREACHABLE_CODE = YES;
				CLANG_WARN__DUPLICATE_METHOD_MATCH = YES;
				COPY_PHASE_STRIP = NO;
				DEBUG_INFORMATION_FORMAT = "dwarf-with-dsym";
				ENABLE_NS_ASSERTIONS = NO;
				ENABLE_STRICT_OBJC_MSGSEND = YES;
				GCC_C_LANGUAGE_STANDARD = gnu11;
				GCC_NO_COMMON_BLOCKS = YES;
				GCC_WARN_64_TO_32_BIT_CONVERSION = YES;
				GCC_WARN_ABOUT_RETURN_TYPE = YES_ERROR;
				GCC_WARN_UNDECLARED_SELECTOR = YES;
				GCC_WARN_UNINITIALIZED_AUTOS = YES_AGGRESSIVE;
				GCC_WARN_UNUSED_FUNCTION = YES;
				GCC_WARN_UNUSED_VARIABLE = YES;
				IPHONEOS_DEPLOYMENT_TARGET = 14.4;
				MTL_ENABLE_DEBUG_INFO = NO;
				MTL_FAST_MATH = YES;
				ONLY_ACTIVE_ARCH = YES;
				OTHER_LDFLAGS = "\"-Xlinker -interposable\"";
				SDKROOT = iphoneos;
				SWIFT_COMPILATION_MODE = wholemodule;
				SWIFT_OPTIMIZATION_LEVEL = "-O";
				VALIDATE_PRODUCT = YES;
			};
			name = Release;
		};
		9965D7D92637955500672D2E /* Debug */ = {
			isa = XCBuildConfiguration;
			buildSettings = {
				ALWAYS_EMBED_SWIFT_STANDARD_LIBRARIES = YES;
				ASSETCATALOG_COMPILER_APPICON_NAME = AppIcon;
				ASSETCATALOG_COMPILER_GLOBAL_ACCENT_COLOR_NAME = AccentColor;
				ASSETCATALOG_COMPILER_INCLUDE_ALL_APPICON_ASSETS = NO;
				CODE_SIGN_ENTITLEMENTS = "Hydro Homie/Hydro Homie.entitlements";
				CODE_SIGN_IDENTITY = "Apple Development";
				CODE_SIGN_STYLE = Automatic;
				DEVELOPMENT_ASSET_PATHS = "\"Hydro Homie/Preview Content\"";
				DEVELOPMENT_TEAM = NK28QT38A3;
				ENABLE_PREVIEWS = YES;
				INFOPLIST_FILE = "Hydro Homie/Info.plist";
				IPHONEOS_DEPLOYMENT_TARGET = 14.0;
				LD_RUNPATH_SEARCH_PATHS = (
					"$(inherited)",
					"@executable_path/Frameworks",
				);
				PRODUCT_BUNDLE_IDENTIFIER = "com.izzylabs.Hydro-Homie";
				PRODUCT_NAME = "$(TARGET_NAME)";
				PROVISIONING_PROFILE_SPECIFIER = "";
				SWIFT_VERSION = 5.0;
				TARGETED_DEVICE_FAMILY = "1,2";
			};
			name = Debug;
		};
		9965D7DA2637955500672D2E /* Release */ = {
			isa = XCBuildConfiguration;
			buildSettings = {
				ALWAYS_EMBED_SWIFT_STANDARD_LIBRARIES = YES;
				ASSETCATALOG_COMPILER_APPICON_NAME = AppIcon;
				ASSETCATALOG_COMPILER_GLOBAL_ACCENT_COLOR_NAME = AccentColor;
				ASSETCATALOG_COMPILER_INCLUDE_ALL_APPICON_ASSETS = NO;
				CODE_SIGN_ENTITLEMENTS = "Hydro Homie/Hydro Homie.entitlements";
				CODE_SIGN_IDENTITY = "Apple Development";
				CODE_SIGN_STYLE = Automatic;
				DEVELOPMENT_ASSET_PATHS = "\"Hydro Homie/Preview Content\"";
				DEVELOPMENT_TEAM = NK28QT38A3;
				ENABLE_PREVIEWS = YES;
				INFOPLIST_FILE = "Hydro Homie/Info.plist";
				IPHONEOS_DEPLOYMENT_TARGET = 14.0;
				LD_RUNPATH_SEARCH_PATHS = (
					"$(inherited)",
					"@executable_path/Frameworks",
				);
				PRODUCT_BUNDLE_IDENTIFIER = "com.izzylabs.Hydro-Homie";
				PRODUCT_NAME = "$(TARGET_NAME)";
				PROVISIONING_PROFILE_SPECIFIER = "";
				SWIFT_VERSION = 5.0;
				TARGETED_DEVICE_FAMILY = "1,2";
			};
			name = Release;
		};
/* End XCBuildConfiguration section */

/* Begin XCConfigurationList section */
		9965D7C42637955400672D2E /* Build configuration list for PBXProject "Hydro Homie" */ = {
			isa = XCConfigurationList;
			buildConfigurations = (
				9965D7D62637955500672D2E /* Debug */,
				9965D7D72637955500672D2E /* Release */,
			);
			defaultConfigurationIsVisible = 0;
			defaultConfigurationName = Release;
		};
		9965D7D82637955500672D2E /* Build configuration list for PBXNativeTarget "Hydro Homie" */ = {
			isa = XCConfigurationList;
			buildConfigurations = (
				9965D7D92637955500672D2E /* Debug */,
				9965D7DA2637955500672D2E /* Release */,
			);
			defaultConfigurationIsVisible = 0;
			defaultConfigurationName = Release;
		};
/* End XCConfigurationList section */

/* Begin XCRemoteSwiftPackageReference section */
		9902335F268248A200FACE04 /* XCRemoteSwiftPackageReference "firebase-ios-sdk" */ = {
			isa = XCRemoteSwiftPackageReference;
			repositoryURL = "https://github.com/firebase/firebase-ios-sdk.git";
			requirement = {
				kind = upToNextMajorVersion;
				minimumVersion = 8.1.1;
			};
		};
		99BF620526F56F1300078CEE /* XCRemoteSwiftPackageReference "CareKit" */ = {
			isa = XCRemoteSwiftPackageReference;
			repositoryURL = "https://github.com/carekit-apple/CareKit";
			requirement = {
				kind = upToNextMajorVersion;
				minimumVersion = 2.0.2;
			};
		};
		99F604A426EF007500DCB837 /* XCRemoteSwiftPackageReference "BarChart" */ = {
			isa = XCRemoteSwiftPackageReference;
			repositoryURL = "https://github.com/dawigr/BarChart.git";
			requirement = {
				kind = upToNextMajorVersion;
				minimumVersion = 1.3.2;
			};
		};
/* End XCRemoteSwiftPackageReference section */

/* Begin XCSwiftPackageProductDependency section */
		99023360268248A200FACE04 /* FirebaseAuth */ = {
			isa = XCSwiftPackageProductDependency;
			package = 9902335F268248A200FACE04 /* XCRemoteSwiftPackageReference "firebase-ios-sdk" */;
			productName = FirebaseAuth;
		};
		99023362268248A200FACE04 /* FirebaseFirestore */ = {
			isa = XCSwiftPackageProductDependency;
			package = 9902335F268248A200FACE04 /* XCRemoteSwiftPackageReference "firebase-ios-sdk" */;
			productName = FirebaseFirestore;
		};
		99BF620626F56F1300078CEE /* CareKitUI */ = {
			isa = XCSwiftPackageProductDependency;
			package = 99BF620526F56F1300078CEE /* XCRemoteSwiftPackageReference "CareKit" */;
			productName = CareKitUI;
		};
		99F604A526EF007600DCB837 /* BarChart */ = {
			isa = XCSwiftPackageProductDependency;
			package = 99F604A426EF007500DCB837 /* XCRemoteSwiftPackageReference "BarChart" */;
			productName = BarChart;
		};
/* End XCSwiftPackageProductDependency section */
	};
	rootObject = 9965D7C12637955400672D2E /* Project object */;
}
